lockfileVersion: '9.0'

settings:
  autoInstallPeers: true
  excludeLinksFromLockfile: false

importers:

  .:
    dependencies:
      react:
        specifier: link:/Users/yoho/code/client/aries_react/node_modules/react
        version: link:../../../client/aries_react/node_modules/react
      react-dom:
        specifier: link:/Users/yoho/code/client/aries_react/node_modules/react-dom
        version: link:../../../client/aries_react/node_modules/react-dom
      react-router-dom:
        specifier: link:/Users/yoho/code/client/aries_react/node_modules/react-router-dom
        version: link:../../../client/aries_react/node_modules/react-router-dom
    devDependencies:
      '@types/react':
        specifier: link:/Users/yoho/code/client/aries_react/node_modules/@types/react
        version: link:../../../client/aries_react/node_modules/@types/react
      '@types/react-dom':
        specifier: link:/Users/yoho/code/client/aries_react/node_modules/@types/react-dom
        version: link:../../../client/aries_react/node_modules/@types/react-dom
      '@vitejs/plugin-react-swc':
        specifier: link:/Users/yoho/code/client/aries_react/node_modules/@vitejs/plugin-react-swc
        version: link:../../../client/aries_react/node_modules/@vitejs/plugin-react-swc
      typescript:
        specifier: link:/Users/yoho/code/client/aries_react/node_modules/typescript
        version: link:../../../client/aries_react/node_modules/typescript
      vite:
        specifier: link:/Users/yoho/code/client/aries_react/node_modules/vite
        version: link:../../../client/aries_react/node_modules/vite
